
Microsoft Visual Studio Solution File, Format Version 12.00
# Visual Studio Version 17
VisualStudioVersion = 17.3.32929.385
MinimumVisualStudioVersion = 10.0.40219.1
Project("{FAE04EC0-301F-11D3-BF4B-00C04F79EFBC}") = "Project1", "Project1\Project1.csproj", "{30F9B4F6-04DB-40D8-8F15-8F9A05AB6DAB}"
EndProject
Global
	GlobalSection(SolutionConfigurationPlatforms) = preSolution
		Debug|Any CPU = Debug|Any CPU
		Release|Any CPU = Release|Any CPU
	EndGlobalSection
	GlobalSection(ProjectConfigurationPlatforms) = postSolution
		{30F9B4F6-04DB-40D8-8F15-8F9A05AB6DAB}.Debug|Any CPU.ActiveCfg = Debug|Any CPU
		{30F9B4F6-04DB-40D8-8F15-8F9A05AB6DAB}.Debug|Any CPU.Build.0 = Debug|Any CPU
		{30F9B4F6-04DB-40D8-8F15-8F9A05AB6DAB}.Release|Any CPU.ActiveCfg = Release|Any CPU
		{30F9B4F6-04DB-40D8-8F15-8F9A05AB6DAB}.Release|Any CPU.Build.0 = Release|Any CPU
	EndGlobalSection
	GlobalSection(SolutionProperties) = preSolution
		HideSolutionNode = FALSE
	EndGlobalSection
	GlobalSection(ExtensibilityGlobals) = postSolution
		SolutionGuid = {CB8CC4DC-532F-43CC-8C7E-C9A52670C920}
	EndGlobalSection
EndGlobal
