
Microsoft Visual Studio Solution File, Format Version 12.00
# Visual Studio Version 17
VisualStudioVersion = 17.3.32929.385
MinimumVisualStudioVersion = 10.0.40219.1
Project("{FAE04EC0-301F-11D3-BF4B-00C04F79EFBC}") = "Abgabe_02", "Abgabe_02\Abgabe_02.csproj", "{8AF4B4CA-8163-49F5-8B3A-ED7D7B917637}"
EndProject
Global
	GlobalSection(SolutionConfigurationPlatforms) = preSolution
		Debug|Any CPU = Debug|Any CPU
		Release|Any CPU = Release|Any CPU
	EndGlobalSection
	GlobalSection(ProjectConfigurationPlatforms) = postSolution
		{8AF4B4CA-8163-49F5-8B3A-ED7D7B917637}.Debug|Any CPU.ActiveCfg = Debug|Any CPU
		{8AF4B4CA-8163-49F5-8B3A-ED7D7B917637}.Debug|Any CPU.Build.0 = Debug|Any CPU
		{8AF4B4CA-8163-49F5-8B3A-ED7D7B917637}.Release|Any CPU.ActiveCfg = Release|Any CPU
		{8AF4B4CA-8163-49F5-8B3A-ED7D7B917637}.Release|Any CPU.Build.0 = Release|Any CPU
	EndGlobalSection
	GlobalSection(SolutionProperties) = preSolution
		HideSolutionNode = FALSE
	EndGlobalSection
	GlobalSection(ExtensibilityGlobals) = postSolution
		SolutionGuid = {0E733069-FA9C-43BD-B9D7-1D7AA62A50C3}
	EndGlobalSection
EndGlobal
