
Microsoft Visual Studio Solution File, Format Version 12.00
Project("{FAE04EC0-301F-11D3-BF4B-00C04F79EFBC}") = "exercise1", "..\exercise1\exercise1.csproj", "{05F682C6-CC66-4E30-8635-27CA2932BBB3}"
EndProject
Global
	GlobalSection(SolutionConfigurationPlatforms) = preSolution
		Debug|Any CPU = Debug|Any CPU
		Release|Any CPU = Release|Any CPU
	EndGlobalSection
	GlobalSection(ProjectConfigurationPlatforms) = postSolution
		{05F682C6-CC66-4E30-8635-27CA2932BBB3}.Debug|Any CPU.ActiveCfg = Debug|Any CPU
		{05F682C6-CC66-4E30-8635-27CA2932BBB3}.Debug|Any CPU.Build.0 = Debug|Any CPU
		{05F682C6-CC66-4E30-8635-27CA2932BBB3}.Release|Any CPU.ActiveCfg = Release|Any CPU
		{05F682C6-CC66-4E30-8635-27CA2932BBB3}.Release|Any CPU.Build.0 = Release|Any CPU
	EndGlobalSection
EndGlobal
